
Microsoft Visual Studio Solution File, Format Version 12.00
# Visual Studio 15
VisualStudioVersion = 15.0.27004.2008
MinimumVisualStudioVersion = 10.0.40219.1
Project("{FAE04EC0-301F-11D3-BF4B-00C04F79EFBC}") = "IF", "IF\IF.csproj", "{E2D79B03-BDA1-412F-BDDB-2E7EFF0CB3CE}"
EndProject
Global
	GlobalSection(SolutionConfigurationPlatforms) = preSolution
		Debug|Any CPU = Debug|Any CPU
		Release|Any CPU = Release|Any CPU
	EndGlobalSection
	GlobalSection(ProjectConfigurationPlatforms) = postSolution
		{E2D79B03-BDA1-412F-BDDB-2E7EFF0CB3CE}.Debug|Any CPU.ActiveCfg = Debug|Any CPU
		{E2D79B03-BDA1-412F-BDDB-2E7EFF0CB3CE}.Debug|Any CPU.Build.0 = Debug|Any CPU
		{E2D79B03-BDA1-412F-BDDB-2E7EFF0CB3CE}.Release|Any CPU.ActiveCfg = Release|Any CPU
		{E2D79B03-BDA1-412F-BDDB-2E7EFF0CB3CE}.Release|Any CPU.Build.0 = Release|Any CPU
	EndGlobalSection
	GlobalSection(SolutionProperties) = preSolution
		HideSolutionNode = FALSE
	EndGlobalSection
	GlobalSection(ExtensibilityGlobals) = postSolution
		SolutionGuid = {F3C51C47-D435-447E-AB51-41154276B5DC}
	EndGlobalSection
EndGlobal
